
Microsoft Visual Studio Solution File, Format Version 12.00
# Visual Studio Version 16
VisualStudioVersion = 16.0.32228.343
MinimumVisualStudioVersion = 10.0.40219.1
Project("{FAE04EC0-301F-11D3-BF4B-00C04F79EFBC}") = "WebAppproject", "WebAppproject\WebAppproject.csproj", "{60DFBDB0-48FF-42C5-AF8E-80B703B3008E}"
EndProject
Global
	GlobalSection(SolutionConfigurationPlatforms) = preSolution
		Debug|Any CPU = Debug|Any CPU
		Release|Any CPU = Release|Any CPU
	EndGlobalSection
	GlobalSection(ProjectConfigurationPlatforms) = postSolution
		{60DFBDB0-48FF-42C5-AF8E-80B703B3008E}.Debug|Any CPU.ActiveCfg = Debug|Any CPU
		{60DFBDB0-48FF-42C5-AF8E-80B703B3008E}.Debug|Any CPU.Build.0 = Debug|Any CPU
		{60DFBDB0-48FF-42C5-AF8E-80B703B3008E}.Release|Any CPU.ActiveCfg = Release|Any CPU
		{60DFBDB0-48FF-42C5-AF8E-80B703B3008E}.Release|Any CPU.Build.0 = Release|Any CPU
	EndGlobalSection
	GlobalSection(SolutionProperties) = preSolution
		HideSolutionNode = FALSE
	EndGlobalSection
	GlobalSection(ExtensibilityGlobals) = postSolution
		SolutionGuid = {96C14009-1844-4297-B764-7DCC22E05987}
	EndGlobalSection
EndGlobal
